
Microsoft Visual Studio Solution File, Format Version 12.00
# Visual Studio Version 16
VisualStudioVersion = 16.0.29806.167
MinimumVisualStudioVersion = 10.0.40219.1
Project("{888888A0-9F3D-457C-B088-3A5042F75D52}") = "demo", "demo\demo.pyproj", "{10B55D37-F169-4BF8-96D1-0054AA65A8E4}"
EndProject
Global
	GlobalSection(SolutionConfigurationPlatforms) = preSolution
		Debug|Any CPU = Debug|Any CPU
		Release|Any CPU = Release|Any CPU
	EndGlobalSection
	GlobalSection(ProjectConfigurationPlatforms) = postSolution
		{10B55D37-F169-4BF8-96D1-0054AA65A8E4}.Debug|Any CPU.ActiveCfg = Debug|Any CPU
		{10B55D37-F169-4BF8-96D1-0054AA65A8E4}.Release|Any CPU.ActiveCfg = Release|Any CPU
	EndGlobalSection
	GlobalSection(SolutionProperties) = preSolution
		HideSolutionNode = FALSE
	EndGlobalSection
	GlobalSection(ExtensibilityGlobals) = postSolution
		SolutionGuid = {604E9619-DF1B-4BFC-A21C-2B35702D548D}
	EndGlobalSection
EndGlobal
